
Microsoft Visual Studio Solution File, Format Version 12.00
# Visual Studio Version 16
VisualStudioVersion = 16.0.30204.135
MinimumVisualStudioVersion = 10.0.40219.1
Project("{FAE04EC0-301F-11D3-BF4B-00C04F79EFBC}") = "Компоновщик", "Компоновщик\Компоновщик.csproj", "{60952D3C-982F-46B9-9A64-138F05C97A23}"
EndProject
Project("{2150E333-8FDC-42A3-9474-1A3956D46DE8}") = "Solution Items", "Solution Items", "{5B000218-F2FD-4584-869F-E65BF4B4F367}"
	ProjectSection(SolutionItems) = preProject
		README.md = README.md
	EndProjectSection
EndProject
Global
	GlobalSection(SolutionConfigurationPlatforms) = preSolution
		Debug|Any CPU = Debug|Any CPU
		Release|Any CPU = Release|Any CPU
	EndGlobalSection
	GlobalSection(ProjectConfigurationPlatforms) = postSolution
		{60952D3C-982F-46B9-9A64-138F05C97A23}.Debug|Any CPU.ActiveCfg = Debug|Any CPU
		{60952D3C-982F-46B9-9A64-138F05C97A23}.Debug|Any CPU.Build.0 = Debug|Any CPU
		{60952D3C-982F-46B9-9A64-138F05C97A23}.Release|Any CPU.ActiveCfg = Release|Any CPU
		{60952D3C-982F-46B9-9A64-138F05C97A23}.Release|Any CPU.Build.0 = Release|Any CPU
	EndGlobalSection
	GlobalSection(SolutionProperties) = preSolution
		HideSolutionNode = FALSE
	EndGlobalSection
	GlobalSection(ExtensibilityGlobals) = postSolution
		SolutionGuid = {CF247760-8D11-48D8-8E96-47823258410F}
	EndGlobalSection
EndGlobal
