
Microsoft Visual Studio Solution File, Format Version 12.00
# Visual Studio Version 16
VisualStudioVersion = 16.0.30204.135
MinimumVisualStudioVersion = 10.0.40219.1
Project("{FAE04EC0-301F-11D3-BF4B-00C04F79EFBC}") = "Singleton", "Singleton\Singleton.csproj", "{ADCE79E5-168F-4FB3-A662-93301EFCAB5D}"
EndProject
Global
	GlobalSection(SolutionConfigurationPlatforms) = preSolution
		Debug|Any CPU = Debug|Any CPU
		Release|Any CPU = Release|Any CPU
	EndGlobalSection
	GlobalSection(ProjectConfigurationPlatforms) = postSolution
		{ADCE79E5-168F-4FB3-A662-93301EFCAB5D}.Debug|Any CPU.ActiveCfg = Debug|Any CPU
		{ADCE79E5-168F-4FB3-A662-93301EFCAB5D}.Debug|Any CPU.Build.0 = Debug|Any CPU
		{ADCE79E5-168F-4FB3-A662-93301EFCAB5D}.Release|Any CPU.ActiveCfg = Release|Any CPU
		{ADCE79E5-168F-4FB3-A662-93301EFCAB5D}.Release|Any CPU.Build.0 = Release|Any CPU
	EndGlobalSection
	GlobalSection(SolutionProperties) = preSolution
		HideSolutionNode = FALSE
	EndGlobalSection
	GlobalSection(ExtensibilityGlobals) = postSolution
		SolutionGuid = {18DDFC0B-C051-4C55-AD81-80BA7708929E}
	EndGlobalSection
EndGlobal
